
Microsoft Visual Studio Solution File, Format Version 12.00
# Visual Studio Version 17
VisualStudioVersion = 17.0.32112.339
MinimumVisualStudioVersion = 10.0.40219.1
Project("{FAE04EC0-301F-11D3-BF4B-00C04F79EFBC}") = "MaximumNumber", "MaximumNumber\MaximumNumber.csproj", "{E84B1D1A-B3D0-47F9-9585-9DB5E3D6AD75}"
EndProject
Project("{FAE04EC0-301F-11D3-BF4B-00C04F79EFBC}") = "MaximumNumberTest", "MaximumNumberTest\MaximumNumberTest.csproj", "{2CD6F9C0-1831-47D6-A6AD-CA027FE83B33}"
EndProject
Global
	GlobalSection(SolutionConfigurationPlatforms) = preSolution
		Debug|Any CPU = Debug|Any CPU
		Release|Any CPU = Release|Any CPU
	EndGlobalSection
	GlobalSection(ProjectConfigurationPlatforms) = postSolution
		{E84B1D1A-B3D0-47F9-9585-9DB5E3D6AD75}.Debug|Any CPU.ActiveCfg = Debug|Any CPU
		{E84B1D1A-B3D0-47F9-9585-9DB5E3D6AD75}.Debug|Any CPU.Build.0 = Debug|Any CPU
		{E84B1D1A-B3D0-47F9-9585-9DB5E3D6AD75}.Release|Any CPU.ActiveCfg = Release|Any CPU
		{E84B1D1A-B3D0-47F9-9585-9DB5E3D6AD75}.Release|Any CPU.Build.0 = Release|Any CPU
		{2CD6F9C0-1831-47D6-A6AD-CA027FE83B33}.Debug|Any CPU.ActiveCfg = Debug|Any CPU
		{2CD6F9C0-1831-47D6-A6AD-CA027FE83B33}.Debug|Any CPU.Build.0 = Debug|Any CPU
		{2CD6F9C0-1831-47D6-A6AD-CA027FE83B33}.Release|Any CPU.ActiveCfg = Release|Any CPU
		{2CD6F9C0-1831-47D6-A6AD-CA027FE83B33}.Release|Any CPU.Build.0 = Release|Any CPU
	EndGlobalSection
	GlobalSection(SolutionProperties) = preSolution
		HideSolutionNode = FALSE
	EndGlobalSection
	GlobalSection(ExtensibilityGlobals) = postSolution
		SolutionGuid = {FAC202A5-EA29-4FF0-BB75-518FE8188401}
	EndGlobalSection
EndGlobal
